
Microsoft Visual Studio Solution File, Format Version 12.00
# Visual Studio 2013
VisualStudioVersion = 12.0.21005.1
MinimumVisualStudioVersion = 10.0.40219.1
Project("{FAE04EC0-301F-11D3-BF4B-00C04F79EFBC}") = "CapaPresentacion", "hospitalBD\CapaPresentacion.csproj", "{5694459A-9F00-400B-8493-568B5B04CF3A}"
EndProject
Project("{FAE04EC0-301F-11D3-BF4B-00C04F79EFBC}") = "CapaNegocio", "ClassLibrary1\CapaNegocio.csproj", "{3225455A-EECC-4A50-A105-AEB3033F9DED}"
EndProject
Project("{FAE04EC0-301F-11D3-BF4B-00C04F79EFBC}") = "CapaDatos", "CapaDatos\CapaDatos.csproj", "{A0CB4989-2E68-438D-AC4A-3BAC616ACA45}"
EndProject
Global
	GlobalSection(SolutionConfigurationPlatforms) = preSolution
		Debug|Any CPU = Debug|Any CPU
		Release|Any CPU = Release|Any CPU
	EndGlobalSection
	GlobalSection(ProjectConfigurationPlatforms) = postSolution
		{5694459A-9F00-400B-8493-568B5B04CF3A}.Debug|Any CPU.ActiveCfg = Debug|Any CPU
		{5694459A-9F00-400B-8493-568B5B04CF3A}.Debug|Any CPU.Build.0 = Debug|Any CPU
		{5694459A-9F00-400B-8493-568B5B04CF3A}.Release|Any CPU.ActiveCfg = Release|Any CPU
		{5694459A-9F00-400B-8493-568B5B04CF3A}.Release|Any CPU.Build.0 = Release|Any CPU
		{3225455A-EECC-4A50-A105-AEB3033F9DED}.Debug|Any CPU.ActiveCfg = Debug|Any CPU
		{3225455A-EECC-4A50-A105-AEB3033F9DED}.Debug|Any CPU.Build.0 = Debug|Any CPU
		{3225455A-EECC-4A50-A105-AEB3033F9DED}.Release|Any CPU.ActiveCfg = Release|Any CPU
		{3225455A-EECC-4A50-A105-AEB3033F9DED}.Release|Any CPU.Build.0 = Release|Any CPU
		{A0CB4989-2E68-438D-AC4A-3BAC616ACA45}.Debug|Any CPU.ActiveCfg = Debug|Any CPU
		{A0CB4989-2E68-438D-AC4A-3BAC616ACA45}.Debug|Any CPU.Build.0 = Debug|Any CPU
		{A0CB4989-2E68-438D-AC4A-3BAC616ACA45}.Release|Any CPU.ActiveCfg = Release|Any CPU
		{A0CB4989-2E68-438D-AC4A-3BAC616ACA45}.Release|Any CPU.Build.0 = Release|Any CPU
	EndGlobalSection
	GlobalSection(SolutionProperties) = preSolution
		HideSolutionNode = FALSE
	EndGlobalSection
EndGlobal
